
Microsoft Visual Studio Solution File, Format Version 12.00
# Visual Studio Version 16
VisualStudioVersion = 16.0.34031.81
MinimumVisualStudioVersion = 10.0.40219.1
Project("{FAE04EC0-301F-11D3-BF4B-00C04F79EFBC}") = "Web", "Web\Web.csproj", "{798E1E3A-BBB8-49D3-867B-CD9E2B126B02}"
EndProject
Global
	GlobalSection(SolutionConfigurationPlatforms) = preSolution
		Debug|Any CPU = Debug|Any CPU
		Release|Any CPU = Release|Any CPU
	EndGlobalSection
	GlobalSection(ProjectConfigurationPlatforms) = postSolution
		{798E1E3A-BBB8-49D3-867B-CD9E2B126B02}.Debug|Any CPU.ActiveCfg = Debug|Any CPU
		{798E1E3A-BBB8-49D3-867B-CD9E2B126B02}.Debug|Any CPU.Build.0 = Debug|Any CPU
		{798E1E3A-BBB8-49D3-867B-CD9E2B126B02}.Release|Any CPU.ActiveCfg = Release|Any CPU
		{798E1E3A-BBB8-49D3-867B-CD9E2B126B02}.Release|Any CPU.Build.0 = Release|Any CPU
	EndGlobalSection
	GlobalSection(SolutionProperties) = preSolution
		HideSolutionNode = FALSE
	EndGlobalSection
	GlobalSection(ExtensibilityGlobals) = postSolution
		SolutionGuid = {A81D9C3F-94C9-4B53-9F7B-E11163ADCDF3}
	EndGlobalSection
EndGlobal
